
Microsoft Visual Studio Solution File, Format Version 12.00
# Visual Studio 15
VisualStudioVersion = 15.0.28307.1000
MinimumVisualStudioVersion = 10.0.40219.1
Project("{2150E333-8FDC-42A3-9474-1A3956D46DE8}") = "Solution Items", "Solution Items", "{7CE2F083-7874-4674-94D8-BC7FED0EF292}"
	ProjectSection(SolutionItems) = preProject
		nuget.config = nuget.config
		..\doc\Scenarios.txt = ..\doc\Scenarios.txt
		..\doc\UseCases.txt = ..\doc\UseCases.txt
	EndProjectSection
EndProject
Project("{FAE04EC0-301F-11D3-BF4B-00C04F79EFBC}") = "Reco4.Dal", "Reco4.Dal\Reco4.Dal.csproj", "{C4A99522-6057-4211-BCC1-A984AB548F08}"
EndProject
Project("{FAE04EC0-301F-11D3-BF4B-00C04F79EFBC}") = "Reco4.DalSql", "Reco4.DalSql\Reco4.DalSql.csproj", "{A603B2BA-962E-440E-8182-5C5B537CC197}"
EndProject
Project("{FAE04EC0-301F-11D3-BF4B-00C04F79EFBC}") = "Reco4.Library", "Reco4.Library\Reco4.Library.csproj", "{46748734-1550-4F0E-A820-139D328FDF9D}"
EndProject
Project("{FAE04EC0-301F-11D3-BF4B-00C04F79EFBC}") = "Reco4.TestConsole", "Reco4.TestConsole\Reco4.TestConsole.csproj", "{4FA7458C-9E1B-48E8-8D71-7485E1AD3792}"
EndProject
Project("{FAE04EC0-301F-11D3-BF4B-00C04F79EFBC}") = "Reco4.DalEF", "Reco4.DalEF\Reco4.DalEF.csproj", "{464BD53B-F7CD-47C9-8EFC-215DA6DA1B7C}"
EndProject
Project("{FAE04EC0-301F-11D3-BF4B-00C04F79EFBC}") = "Reco4.UI.Module", "Reco4.UI.Module\Reco4.UI.Module.csproj", "{7C429613-22BC-4381-8798-323190F33276}"
EndProject
Project("{FAE04EC0-301F-11D3-BF4B-00C04F79EFBC}") = "Reco4.UI.Shell", "Reco4.UI.Shell\Reco4.UI.Shell.csproj", "{E03041A1-DE89-4158-8E60-D37917DC96AF}"
EndProject
Project("{FAE04EC0-301F-11D3-BF4B-00C04F79EFBC}") = "Reco4.Utilities", "Reco4.Utilities\Reco4.Utilities.csproj", "{6EF2DC4F-18EE-4B6F-B57B-3135D3CC52F4}"
EndProject
Global
	GlobalSection(SolutionConfigurationPlatforms) = preSolution
		Debug|Any CPU = Debug|Any CPU
		Release|Any CPU = Release|Any CPU
	EndGlobalSection
	GlobalSection(ProjectConfigurationPlatforms) = postSolution
		{C4A99522-6057-4211-BCC1-A984AB548F08}.Debug|Any CPU.ActiveCfg = Debug|Any CPU
		{C4A99522-6057-4211-BCC1-A984AB548F08}.Debug|Any CPU.Build.0 = Debug|Any CPU
		{C4A99522-6057-4211-BCC1-A984AB548F08}.Release|Any CPU.ActiveCfg = Release|Any CPU
		{C4A99522-6057-4211-BCC1-A984AB548F08}.Release|Any CPU.Build.0 = Release|Any CPU
		{A603B2BA-962E-440E-8182-5C5B537CC197}.Debug|Any CPU.ActiveCfg = Debug|Any CPU
		{A603B2BA-962E-440E-8182-5C5B537CC197}.Debug|Any CPU.Build.0 = Debug|Any CPU
		{A603B2BA-962E-440E-8182-5C5B537CC197}.Release|Any CPU.ActiveCfg = Release|Any CPU
		{A603B2BA-962E-440E-8182-5C5B537CC197}.Release|Any CPU.Build.0 = Release|Any CPU
		{46748734-1550-4F0E-A820-139D328FDF9D}.Debug|Any CPU.ActiveCfg = Debug|Any CPU
		{46748734-1550-4F0E-A820-139D328FDF9D}.Debug|Any CPU.Build.0 = Debug|Any CPU
		{46748734-1550-4F0E-A820-139D328FDF9D}.Release|Any CPU.ActiveCfg = Release|Any CPU
		{46748734-1550-4F0E-A820-139D328FDF9D}.Release|Any CPU.Build.0 = Release|Any CPU
		{4FA7458C-9E1B-48E8-8D71-7485E1AD3792}.Debug|Any CPU.ActiveCfg = Debug|Any CPU
		{4FA7458C-9E1B-48E8-8D71-7485E1AD3792}.Debug|Any CPU.Build.0 = Debug|Any CPU
		{4FA7458C-9E1B-48E8-8D71-7485E1AD3792}.Release|Any CPU.ActiveCfg = Release|Any CPU
		{4FA7458C-9E1B-48E8-8D71-7485E1AD3792}.Release|Any CPU.Build.0 = Release|Any CPU
		{464BD53B-F7CD-47C9-8EFC-215DA6DA1B7C}.Debug|Any CPU.ActiveCfg = Debug|Any CPU
		{464BD53B-F7CD-47C9-8EFC-215DA6DA1B7C}.Debug|Any CPU.Build.0 = Debug|Any CPU
		{464BD53B-F7CD-47C9-8EFC-215DA6DA1B7C}.Release|Any CPU.ActiveCfg = Release|Any CPU
		{464BD53B-F7CD-47C9-8EFC-215DA6DA1B7C}.Release|Any CPU.Build.0 = Release|Any CPU
		{7C429613-22BC-4381-8798-323190F33276}.Debug|Any CPU.ActiveCfg = Debug|Any CPU
		{7C429613-22BC-4381-8798-323190F33276}.Debug|Any CPU.Build.0 = Debug|Any CPU
		{7C429613-22BC-4381-8798-323190F33276}.Release|Any CPU.ActiveCfg = Release|Any CPU
		{7C429613-22BC-4381-8798-323190F33276}.Release|Any CPU.Build.0 = Release|Any CPU
		{E03041A1-DE89-4158-8E60-D37917DC96AF}.Debug|Any CPU.ActiveCfg = Debug|Any CPU
		{E03041A1-DE89-4158-8E60-D37917DC96AF}.Debug|Any CPU.Build.0 = Debug|Any CPU
		{E03041A1-DE89-4158-8E60-D37917DC96AF}.Release|Any CPU.ActiveCfg = Release|Any CPU
		{E03041A1-DE89-4158-8E60-D37917DC96AF}.Release|Any CPU.Build.0 = Release|Any CPU
		{6EF2DC4F-18EE-4B6F-B57B-3135D3CC52F4}.Debug|Any CPU.ActiveCfg = Debug|Any CPU
		{6EF2DC4F-18EE-4B6F-B57B-3135D3CC52F4}.Debug|Any CPU.Build.0 = Debug|Any CPU
		{6EF2DC4F-18EE-4B6F-B57B-3135D3CC52F4}.Release|Any CPU.ActiveCfg = Release|Any CPU
		{6EF2DC4F-18EE-4B6F-B57B-3135D3CC52F4}.Release|Any CPU.Build.0 = Release|Any CPU
	EndGlobalSection
	GlobalSection(SolutionProperties) = preSolution
		HideSolutionNode = FALSE
	EndGlobalSection
	GlobalSection(ExtensibilityGlobals) = postSolution
		SolutionGuid = {BFDB7EA5-9AD7-4F01-8879-1D677FF3201B}
	EndGlobalSection
EndGlobal
